
Microsoft Visual Studio Solution File, Format Version 12.00
# Visual Studio Version 16
VisualStudioVersion = 16.0.30911.76
MinimumVisualStudioVersion = 10.0.40219.1
Project("{FAE04EC0-301F-11D3-BF4B-00C04F79EFBC}") = "WebApplication5", "WebApplication5\WebApplication5.csproj", "{522AA9F1-004A-4754-973E-01F10DE63185}"
EndProject
Global
	GlobalSection(SolutionConfigurationPlatforms) = preSolution
		Debug|Any CPU = Debug|Any CPU
		Release|Any CPU = Release|Any CPU
	EndGlobalSection
	GlobalSection(ProjectConfigurationPlatforms) = postSolution
		{522AA9F1-004A-4754-973E-01F10DE63185}.Debug|Any CPU.ActiveCfg = Debug|Any CPU
		{522AA9F1-004A-4754-973E-01F10DE63185}.Debug|Any CPU.Build.0 = Debug|Any CPU
		{522AA9F1-004A-4754-973E-01F10DE63185}.Release|Any CPU.ActiveCfg = Release|Any CPU
		{522AA9F1-004A-4754-973E-01F10DE63185}.Release|Any CPU.Build.0 = Release|Any CPU
	EndGlobalSection
	GlobalSection(SolutionProperties) = preSolution
		HideSolutionNode = FALSE
	EndGlobalSection
	GlobalSection(ExtensibilityGlobals) = postSolution
		SolutionGuid = {E9A16D9C-0EA9-4A45-9AE3-A7D4FC33E1F1}
	EndGlobalSection
EndGlobal
